<Solution>
<Project Path="HyperVToolsX.App/HyperVToolsX.App.csproj" />
<Project Path="HyperVToolsX.Core/HyperVToolsX.Core.csproj" />
<Project Path="HyperVToolsX.Export/HyperVToolsX.Export.csproj" />
<Project Path="HyperVToolsX.Infrastructure/HyperVToolsX.Infrastructure.csproj" />
<Project Path="HyperVToolsX.Tests/HyperVToolsX.Tests.csproj" />
</Solution>
